PODS:
  - Argo (2.2.0)
  - Genome (1.0.8)
  - Gloss (0.6.2)
  - ObjectMapper (1.0.1)
  - Realm (0.97.0):
    - Realm/Headers (= 0.97.0)
  - Realm/Headers (0.97.0)
  - RealmSwift (0.97.0):
    - Realm (= 0.97.0)
  - Unbox (1.2.3)

DEPENDENCIES:
  - Argo
  - Genome
  - Gloss
  - ObjectMapper
  - Realm
  - RealmSwift
  - Unbox

SPEC CHECKSUMS:
  Argo: 4f52a32b4cd913c204e5a45f420b3fccad3e3f24
  Genome: 20d8aa7b63728553aab26fef53ea8570a71ce2f1
  Gloss: 22fd970682b5449e08e2f41c5087eefe7d7d084b
  ObjectMapper: 98524bac0dca46c6b3d5ee02cd410fc700ec6ce2
  Realm: b498a6fb9d288b171ff98d0e2d4384c295be8990
  RealmSwift: d014810dec75c9a3f1a33926d2dabfed855c582c
  Unbox: 357412aec9fe10e0dcd36df61a2352a277037b62

COCOAPODS: 0.39.0
