PODS:
  - Genome (1.0.8)
  - Realm (0.97.0):
    - Realm/Headers (= 0.97.0)
  - Realm/Headers (0.97.0)
  - RealmSwift (0.97.0):
    - Realm (= 0.97.0)

DEPENDENCIES:
  - Genome
  - Realm
  - RealmSwift

SPEC CHECKSUMS:
  Genome: 20d8aa7b63728553aab26fef53ea8570a71ce2f1
  Realm: b498a6fb9d288b171ff98d0e2d4384c295be8990
  RealmSwift: d014810dec75c9a3f1a33926d2dabfed855c582c

COCOAPODS: 0.39.0
